
Microsoft Visual Studio Solution File, Format Version 12.00
# Visual Studio Version 16
VisualStudioVersion = 25.0.1706.11
MinimumVisualStudioVersion = 10.0.40219.1
Project("{FAE04EC0-301F-11D3-BF4B-00C04F79EFBC}") = "HtmlFetcher", "HtmlFetcher\HtmlFetcher.csproj", "{40EB36FF-424F-4444-BAD4-E860B0425614}"
EndProject
Global
	GlobalSection(SolutionConfigurationPlatforms) = preSolution
		Debug|Any CPU = Debug|Any CPU
		Release|Any CPU = Release|Any CPU
	EndGlobalSection
	GlobalSection(ProjectConfigurationPlatforms) = postSolution
		{40EB36FF-424F-4444-BAD4-E860B0425614}.Debug|Any CPU.ActiveCfg = Debug|Any CPU
		{40EB36FF-424F-4444-BAD4-E860B0425614}.Debug|Any CPU.Build.0 = Debug|Any CPU
		{40EB36FF-424F-4444-BAD4-E860B0425614}.Release|Any CPU.ActiveCfg = Release|Any CPU
		{40EB36FF-424F-4444-BAD4-E860B0425614}.Release|Any CPU.Build.0 = Release|Any CPU
	EndGlobalSection
	GlobalSection(SolutionProperties) = preSolution
		HideSolutionNode = FALSE
	EndGlobalSection
	GlobalSection(ExtensibilityGlobals) = postSolution
		SolutionGuid = {2774761C-54C6-43D8-9B54-A58A8BF6E4C8}
	EndGlobalSection
EndGlobal
